
Microsoft Visual Studio Solution File, Format Version 12.00
# Visual Studio Version 17
VisualStudioVersion = 17.9.34616.47
MinimumVisualStudioVersion = 10.0.40219.1
Project("{FAE04EC0-301F-11D3-BF4B-00C04F79EFBC}") = "testrepo", "testrepo\testrepo.csproj", "{7DAEF61C-2520-492D-BD38-7A663E3C1138}"
EndProject
Global
	GlobalSection(SolutionConfigurationPlatforms) = preSolution
		Debug|Any CPU = Debug|Any CPU
		Release|Any CPU = Release|Any CPU
	EndGlobalSection
	GlobalSection(ProjectConfigurationPlatforms) = postSolution
		{7DAEF61C-2520-492D-BD38-7A663E3C1138}.Debug|Any CPU.ActiveCfg = Debug|Any CPU
		{7DAEF61C-2520-492D-BD38-7A663E3C1138}.Debug|Any CPU.Build.0 = Debug|Any CPU
		{7DAEF61C-2520-492D-BD38-7A663E3C1138}.Release|Any CPU.ActiveCfg = Release|Any CPU
		{7DAEF61C-2520-492D-BD38-7A663E3C1138}.Release|Any CPU.Build.0 = Release|Any CPU
	EndGlobalSection
	GlobalSection(SolutionProperties) = preSolution
		HideSolutionNode = FALSE
	EndGlobalSection
	GlobalSection(ExtensibilityGlobals) = postSolution
		SolutionGuid = {C1AC04EF-6417-44BA-B648-B0EAB4506070}
	EndGlobalSection
EndGlobal
